
Microsoft Visual Studio Solution File, Format Version 12.00
# Visual Studio 14
VisualStudioVersion = 14.0.25420.1
MinimumVisualStudioVersion = 10.0.40219.1
Project("{FAE04EC0-301F-11D3-BF4B-00C04F79EFBC}") = "Lab7_TicTacToe", "Lab7_TicTacToe\Lab7_TicTacToe.csproj", "{210C988E-48B4-4755-90F6-51F279B17BD3}"
EndProject
Project("{FAE04EC0-301F-11D3-BF4B-00C04F79EFBC}") = "Lab7_TicTacToeTests", "Lab7_TicTacToeTests\Lab7_TicTacToeTests.csproj", "{81889E4B-BF0C-4D07-916C-ABB3CC22670D}"
EndProject
Global
	GlobalSection(SolutionConfigurationPlatforms) = preSolution
		Debug|Any CPU = Debug|Any CPU
		Release|Any CPU = Release|Any CPU
	EndGlobalSection
	GlobalSection(ProjectConfigurationPlatforms) = postSolution
		{210C988E-48B4-4755-90F6-51F279B17BD3}.Debug|Any CPU.ActiveCfg = Debug|Any CPU
		{210C988E-48B4-4755-90F6-51F279B17BD3}.Debug|Any CPU.Build.0 = Debug|Any CPU
		{210C988E-48B4-4755-90F6-51F279B17BD3}.Release|Any CPU.ActiveCfg = Release|Any CPU
		{210C988E-48B4-4755-90F6-51F279B17BD3}.Release|Any CPU.Build.0 = Release|Any CPU
		{81889E4B-BF0C-4D07-916C-ABB3CC22670D}.Debug|Any CPU.ActiveCfg = Debug|Any CPU
		{81889E4B-BF0C-4D07-916C-ABB3CC22670D}.Debug|Any CPU.Build.0 = Debug|Any CPU
		{81889E4B-BF0C-4D07-916C-ABB3CC22670D}.Release|Any CPU.ActiveCfg = Release|Any CPU
		{81889E4B-BF0C-4D07-916C-ABB3CC22670D}.Release|Any CPU.Build.0 = Release|Any CPU
	EndGlobalSection
	GlobalSection(SolutionProperties) = preSolution
		HideSolutionNode = FALSE
	EndGlobalSection
EndGlobal
